# THIS IS AN AUTOGENERATED FILE. DO NOT EDIT THIS FILE DIRECTLY.
# yarn lockfile v1


"@bitgo/blake2b-wasm@^3.0.1":
  version "3.2.3"
  resolved "https://registry.yarnpkg.com/@bitgo/blake2b-wasm/-/blake2b-wasm-3.2.3.tgz#6ae5e942f2a5fd5b3ed27103af5df0ed50adfbc9"
  integrity sha512-NaurBrMaEpjfg7EdUJgW/c6byt27O6q1ZaxB5Ita10MjjYjUu0SyYF4q7JPNxpHF/lMxb0YZakOxigbDBu9Jjw==
  dependencies:
    nanoassert "^1.0.0"

"@bitgo/blake2b@3.0.1":
  version "3.0.1"
  resolved "https://registry.yarnpkg.com/@bitgo/blake2b/-/blake2b-3.0.1.tgz#d9f2893420c1d4861fea0e05d775afd99a191b00"
  integrity sha512-+Neg+nsqUhYOPlvyITHXYzKUTJofyxYdLQTzNjufamifBzxLGTpgn2KKUfvGNsGovlUYzlyPZj+CB6je2D7mhw==
  dependencies:
    "@bitgo/blake2b-wasm" "^3.0.1"
    nanoassert "^2.0.0"

"@bitgo/utxo-lib@github:VerusCoin/BitGoJS#5e82f4fd":
  version "1.9.6"
  resolved "https://codeload.github.com/VerusCoin/BitGoJS/tar.gz/5e82f4fda2975ca1af7f2b01590093b4a1439dc9"
  dependencies:
    "@bitgo/blake2b" "3.0.1"
    "@noble/curves" "1.9.7"
    bech32 "0.0.3"
    bigi "1.4.0"
    bip32 "3.0.0"
    bip66 "1.1.0"
    bitcoin-ops "git+https://github.com/VerusCoin/bitcoin-ops"
    bs58check "2.0.0"
    create-hash "1.1.0"
    create-hmac "1.1.3"
    debug "~3.1.0"
    ecurve "1.0.0"
    merkle-lib "2.0.10"
    pushdata-bitcoin "1.0.1"
    randombytes "2.0.1"
    safe-buffer "5.0.1"
    typeforce "1.11.3"
    varuint-bitcoin "1.0.4"
    verus-typescript-primitives "git+https://github.com/VerusCoin/verus-typescript-primitives.git"
    wif "2.0.1"

"@noble/curves@1.9.7":
  version "1.9.7"
  resolved "https://registry.yarnpkg.com/@noble/curves/-/curves-1.9.7.tgz#79d04b4758a43e4bca2cbdc62e7771352fa6b951"
  integrity sha512-gbKGcRUYIjA3/zCCNaWDciTMFI0dCkvou3TL8Zmy5Nc7sJ47a0jtOeZoTaMxkuqRo9cRhjOdZJXegxYE5FN/xw==
  dependencies:
    "@noble/hashes" "1.8.0"

"@noble/hashes@1.8.0", "@noble/hashes@^1.2.0", "@noble/hashes@^1.4.0":
  version "1.8.0"
  resolved "https://registry.yarnpkg.com/@noble/hashes/-/hashes-1.8.0.tgz#cee43d801fcef9644b11b8194857695acd5f815a"
  integrity sha512-jCs9ldd7NwzpgXDIf6P3+NrHh9/sD6CQdxHyjQI+h/6rDNo88ypBxxz45UDuZHz9r3tNz7N/VInSVoVdtXEI4A==

"@noble/secp256k1@^3.0.0":
  version "3.0.0"
  resolved "https://registry.yarnpkg.com/@noble/secp256k1/-/secp256k1-3.0.0.tgz#29711361db8f37b1b7e0b8d80c933013fc887475"
  integrity sha512-NJBaR352KyIvj3t6sgT/+7xrNyF9Xk9QlLSIqUGVUYlsnDTAUqY8LOmwpcgEx4AMJXRITQ5XEVHD+mMaPfr3mg==

"@socket.io/component-emitter@~3.1.0":
  version "3.1.2"
  resolved "https://registry.yarnpkg.com/@socket.io/component-emitter/-/component-emitter-3.1.2.tgz#821f8442f4175d8f0467b9daf26e3a18e2d02af2"
  integrity sha512-9BCxFwvbGg/RsZK9tjXd8s4UcwR0MWeFQ1XEKIQVVvAGJyINdrqKMcTRyLoK8Rse1GjzLV9cwjWV1olXRWEXVA==

"@types/node@10.12.18":
  version "10.12.18"
  resolved "https://registry.yarnpkg.com/@types/node/-/node-10.12.18.tgz#1d3ca764718915584fcd9f6344621b7672665c67"
  integrity sha512-fh+pAqt4xRzPfqA6eh3Z2y6fyZavRIumvjhaCL753+TVkGKGhpPeyrJG2JftD0T9q4GF00KjefsQ+PQNDdWQaQ==

"@types/node@^22.0.0":
  version "22.19.15"
  resolved "https://registry.yarnpkg.com/@types/node/-/node-22.19.15.tgz#6091d99fdf7c08cb57dc8b1345d407ba9a1df576"
  integrity sha512-F0R/h2+dsy5wJAUe3tAU6oqa2qbWY5TpNfL/RGmo1y38hiyO1w3x2jPtt76wmuaJI4DQnOBu21cNXQ2STIUUWg==
  dependencies:
    undici-types "~6.21.0"

available-typed-arrays@^1.0.7:
  version "1.0.7"
  resolved "https://registry.yarnpkg.com/available-typed-arrays/-/available-typed-arrays-1.0.7.tgz#a5cc375d6a03c2efc87a553f3e0b1522def14846"
  integrity sha512-wvUjBtSGN7+7SjNpq/9M2Tg350UZD3q62IFZLbRAR1bSMlCo1ZaeW+BJ+D090e4hIIZLBcTDWe4Mh4jvUDajzQ==
  dependencies:
    possible-typed-array-names "^1.0.0"

b4a@^1.0.1:
  version "1.8.0"
  resolved "https://registry.yarnpkg.com/b4a/-/b4a-1.8.0.tgz#1ca3ba0edc9469aaabef5647e769a83d50180b1a"
  integrity sha512-qRuSmNSkGQaHwNbM7J78Wwy+ghLEYF1zNrSeMxj4Kgw6y33O3mXcQ6Ie9fRvfU/YnxWkOchPXbaLb73TkIsfdg==

base-x@3.0.11, base-x@^1.1.0, base-x@^3.0.2, base-x@^5.0.0:
  version "3.0.11"
  resolved "https://registry.yarnpkg.com/base-x/-/base-x-3.0.11.tgz#40d80e2a1aeacba29792ccc6c5354806421287ff"
  integrity sha512-xz7wQ8xDhdyP7tQxwdteLYeFfS68tSMNCZ/Y37WJ4bhGfKPpqEIlmIyueQHqOyoPhE6xNUqjzRr8ra0eF9VRvA==
  dependencies:
    safe-buffer "^5.0.1"

base64url@3.0.1:
  version "3.0.1"
  resolved "https://registry.yarnpkg.com/base64url/-/base64url-3.0.1.tgz#6399d572e2bc3f90a9a8b22d5dbb0a32d33f788d"
  integrity sha512-ir1UPr3dkwexU7FdV8qBBbNDRUhMmIekYMFZfi+C/sLNnRESKPl23nB9b2pltqfOQNnGzsDdId90AEtG5tCx4A==

bech32@0.0.3:
  version "0.0.3"
  resolved "https://registry.yarnpkg.com/bech32/-/bech32-0.0.3.tgz#736747c4a6531c5d8937d0400498de30e93b2f9c"
  integrity sha512-O+K1w8P/aAOLcYwwQ4sbiPYZ51ZIW95lnS4/6nE8Aib/z+OOddQIIPdu2qi94qGDp4HhYy/wJotttXKkak1lXg==

bech32@2.0.0:
  version "2.0.0"
  resolved "https://registry.yarnpkg.com/bech32/-/bech32-2.0.0.tgz#078d3686535075c8c79709f054b1b226a133b355"
  integrity sha512-LcknSilhIGatDAsY1ak2I8VtGaHNhgMSYVxFrGLXv+xLHytaKZKcaUJJUE7qmBr7h33o5YQwP55pMI0xmkpJwg==

bech32@^1.1.3:
  version "1.1.4"
  resolved "https://registry.yarnpkg.com/bech32/-/bech32-1.1.4.tgz#e38c9f37bf179b8eb16ae3a772b40c356d4832e9"
  integrity sha512-s0IrSOzLlbvX7yp4WBfPITzpAU8sqQcpsmwXDiKwrG4r491vwCO/XpejasRNl0piBMe/DvP4Tz0mIS/X1DPJBQ==

bigi@1.4.0:
  version "1.4.0"
  resolved "https://registry.yarnpkg.com/bigi/-/bigi-1.4.0.tgz#90ac1aeac0a531216463bdb58f42c1e05c8407ac"
  integrity sha512-TUFZGBZiOE98fuGBot6SKLQPFmRkXyeyOybmE8XMUDsrwP380cFh8qs7VX8C2CLj73OYW7+sgCStfL3ySy+Ozg==

bigi@^1.1.0:
  version "1.4.2"
  resolved "https://registry.yarnpkg.com/bigi/-/bigi-1.4.2.tgz#9c665a95f88b8b08fc05cfd731f561859d725825"
  integrity sha512-ddkU+dFIuEIW8lE7ZwdIAf2UPoM90eaprg5m3YXAVVTmKlqV/9BX4A2M8BOK2yOq6/VgZFVhK6QAxJebhlbhzw==

bindings@^1.5.0:
  version "1.5.0"
  resolved "https://registry.yarnpkg.com/bindings/-/bindings-1.5.0.tgz#10353c9e945334bc0511a6d90b38fbc7c9c504df"
  integrity sha512-p2q/t/mhvuOj/UeLlV6566GD/guowlr0hHxClI0W9m7MWYkL1F0hLo+0Aexs9HSPCtR1SXQ0TD3MMKrXZajbiQ==
  dependencies:
    file-uri-to-path "1.0.0"

bip32@3.0.0:
  version "3.0.0"
  resolved "https://registry.yarnpkg.com/bip32/-/bip32-3.0.0.tgz#d29e8a99c0efb6da3553c914f56129550edce2f2"
  integrity sha512-lcIPU2oY8Lvc9lPN66aCwqgDC0kZmzTHrU2Ka1KhJnmujIBpF7igfpBmZRXAwGMiFuhGm0avdVrZre9o7OdpsQ==
  dependencies:
    "@types/node" "10.12.18"
    bs58check "^2.1.1"
    create-hash "^1.2.0"
    create-hmac "^1.1.7"
    typeforce "^1.11.5"
    wif "^2.0.6"

bip66@1.1.0:
  version "1.1.0"
  resolved "https://registry.yarnpkg.com/bip66/-/bip66-1.1.0.tgz#c5551d49d1696d78211be047e997fe7aac8820c5"
  integrity sha512-dBoAPJYg6HaaQeJGr4cNiqat1meGzlrv2qX+EJcW5q0zEdryMSLKlQKdTaCtDnrzEUPkwmlYqsD7ANaye4BEfg==

bip66@^1.1.5:
  version "1.1.5"
  resolved "https://registry.yarnpkg.com/bip66/-/bip66-1.1.5.tgz#01fa8748785ca70955d5011217d1b3139969ca22"
  integrity sha512-nemMHz95EmS38a26XbbdxIYj5csHd3RMP3H5bwQknX0WYHF01qhpufP42mLOwVICuH2JmhIhXiWs89MfUGL7Xw==
  dependencies:
    safe-buffer "^5.0.1"

bitcoin-ops@^1.3.0, "bitcoin-ops@git+https://github.com/VerusCoin/bitcoin-ops":
  version "1.4.1"
  resolved "git+https://github.com/VerusCoin/bitcoin-ops#a5f8f56e658301bc39881d41740b3a0010530efd"

bitcoinjs-message@^2.2.0:
  version "2.2.0"
  resolved "https://registry.yarnpkg.com/bitcoinjs-message/-/bitcoinjs-message-2.2.0.tgz#8116ec7f447f9889e23030fc15c5286a6ae5503b"
  integrity sha512-103Wy3xg8Y9o+pdhGP4M3/mtQQuUWs6sPuOp1mYphSUoSMHjHTlkj32K4zxU8qMH0Ckv23emfkGlFWtoWZ7YFA==
  dependencies:
    bech32 "^1.1.3"
    bs58check "^2.1.2"
    buffer-equals "^1.0.3"
    create-hash "^1.1.2"
    secp256k1 "^3.0.1"
    varuint-bitcoin "^1.0.1"

blake2b-wasm@^2.4.0:
  version "2.4.0"
  resolved "https://registry.yarnpkg.com/blake2b-wasm/-/blake2b-wasm-2.4.0.tgz#9115649111edbbd87eb24ce7c04b427e4e2be5be"
  integrity sha512-S1kwmW2ZhZFFFOghcx73+ZajEfKBqhP82JMssxtLVMxlaPea1p9uoLiUZ5WYyHn0KddwbLc+0vh4wR0KBNoT5w==
  dependencies:
    b4a "^1.0.1"
    nanoassert "^2.0.0"

"blake2b@https://github.com/VerusCoin/blake2b":
  version "2.1.4"
  resolved "https://github.com/VerusCoin/blake2b#578dc12b7b68a3ce76d1e1add1402b28a5890a6b"
  dependencies:
    blake2b-wasm "^2.4.0"
    nanoassert "^2.0.0"

bn.js@5.2.3, bn.js@^5.2.2:
  version "5.2.3"
  resolved "https://registry.yarnpkg.com/bn.js/-/bn.js-5.2.3.tgz#16a9e409616b23fef3ccbedb8d42f13bff80295e"
  integrity sha512-EAcmnPkxpntVL+DS7bO1zhcZNvCkxqtkd0ZY53h06GNQ3DEkkGZ/gKgmDv6DdZQGj9BgfSPKtJJ7Dp1GPP8f7w==

bn.js@^4.11.8, bn.js@^4.11.9:
  version "4.12.3"
  resolved "https://registry.yarnpkg.com/bn.js/-/bn.js-4.12.3.tgz#2cc2c679188eb35b006f2d0d4710bed8437a769e"
  integrity sha512-fGTi3gxV/23FTYdAoUtLYp6qySe2KE3teyZitipKNRuVYcBkoP/bB3guXN/XVKUe9mxCHXnc9C4ocyz8OmgN0g==

brorand@^1.1.0:
  version "1.1.0"
  resolved "https://registry.yarnpkg.com/brorand/-/brorand-1.1.0.tgz#12c25efe40a45e3c323eb8675a0a0ce57b22371f"
  integrity sha512-cKV8tMCEpQs4hK/ik71d6LrPOnpkpGBR0wzxqr68g2m/LB2GxVYQroAjMJZRVM1Y4BCjCKc3vAamxSzOY2RP+w==

browserify-aes@^1.0.6:
  version "1.2.0"
  resolved "https://registry.yarnpkg.com/browserify-aes/-/browserify-aes-1.2.0.tgz#326734642f403dabc3003209853bb70ad428ef48"
  integrity sha512-+7CHXqGuspUn/Sl5aO7Ea0xWGAtETPXNSAjHo48JfLdPWcMng33Xe4znFvQweqc/uzk5zSOI3H52CYnjCfb5hA==
  dependencies:
    buffer-xor "^1.0.3"
    cipher-base "^1.0.0"
    create-hash "^1.1.0"
    evp_bytestokey "^1.0.3"
    inherits "^2.0.1"
    safe-buffer "^5.0.1"

bs58@^3.1.0:
  version "3.1.0"
  resolved "https://registry.yarnpkg.com/bs58/-/bs58-3.1.0.tgz#d4c26388bf4804cac714141b1945aa47e5eb248e"
  integrity sha512-9C2bRFTGy3meqO65O9jLvVTyawvhLVp4h2ECm5KlRPuV5KPDNJZcJIj3gl+aA0ENXcYrUSLCkPAeqbTcI2uWyQ==
  dependencies:
    base-x "^1.1.0"

bs58@^4.0.0:
  version "4.0.1"
  resolved "https://registry.yarnpkg.com/bs58/-/bs58-4.0.1.tgz#be161e76c354f6f788ae4071f63f34e8c4f0a42a"
  integrity sha512-Ok3Wdf5vOIlBrgCvTq96gBkJw+JUEzdBgyaza5HLtPm7yTHkjRy8+JzNyHF7BHa0bNWOQIp3m5YF0nnFcOIKLw==
  dependencies:
    base-x "^3.0.2"

bs58@^6.0.0:
  version "6.0.0"
  resolved "https://registry.yarnpkg.com/bs58/-/bs58-6.0.0.tgz#a2cda0130558535dd281a2f8697df79caaf425d8"
  integrity sha512-PD0wEnEYg6ijszw/u8s+iI3H17cTymlrwkKhDhPZq+Sokl3AU4htyBFTjAeNAlCCmg0f53g6ih3jATyCKftTfw==
  dependencies:
    base-x "^5.0.0"

bs58check@2.0.0:
  version "2.0.0"
  resolved "https://registry.yarnpkg.com/bs58check/-/bs58check-2.0.0.tgz#b70fffd80bc72de18a040a547d7e5e08ce1b1e4e"
  integrity sha512-afttdRHvL1HCgBJqcMtoRXe8xCQ7fbUidoLp1JTRXT4bAvtfDyZx7mb79w82XkcdIFFstG3A4NhKOBdEsLbQbw==
  dependencies:
    bs58 "^4.0.0"
    create-hash "^1.1.0"

bs58check@<3.0.0, bs58check@^2.1.1, bs58check@^2.1.2:
  version "2.1.2"
  resolved "https://registry.yarnpkg.com/bs58check/-/bs58check-2.1.2.tgz#53b018291228d82a5aa08e7d796fdafda54aebfc"
  integrity sha512-0TS1jicxdU09dwJMNZtVAfzPi6Q6QeN0pM1Fkzrjn+XYHvzMKPU3pHVpva+769iNVSfIYWf7LJ6WR+BuuMf8cA==
  dependencies:
    bs58 "^4.0.0"
    create-hash "^1.1.0"
    safe-buffer "^5.1.2"

bs58check@^1.0.6:
  version "1.3.4"
  resolved "https://registry.yarnpkg.com/bs58check/-/bs58check-1.3.4.tgz#c52540073749117714fa042c3047eb8f9151cbf8"
  integrity sha512-+cZ/mYuyfHboELKvDTYF6onDT4XEgbM9kBsKW91q2YlyDsGRpgT/O6pU4ws5n+LD38XAiD7LChgB3+NBqMGk6g==
  dependencies:
    bs58 "^3.1.0"
    create-hash "^1.1.0"

bs58check@^4.0.0:
  version "4.0.0"
  resolved "https://registry.yarnpkg.com/bs58check/-/bs58check-4.0.0.tgz#46cda52a5713b7542dcb78ec2efdf78f5bf1d23c"
  integrity sha512-FsGDOnFg9aVI9erdriULkd/JjEWONV/lQE5aYziB5PoBsXRind56lh8doIZIc9X4HoxT5x4bLjMWN1/NB8Zp5g==
  dependencies:
    "@noble/hashes" "^1.2.0"
    bs58 "^6.0.0"

buffer-equals@^1.0.3:
  version "1.0.4"
  resolved "https://registry.yarnpkg.com/buffer-equals/-/buffer-equals-1.0.4.tgz#0353b54fd07fd9564170671ae6f66b9cf10d27f5"
  integrity sha512-99MsCq0j5+RhubVEtKQgKaD6EM+UP3xJgIvQqwJ3SOLDUekzxMX1ylXBng+Wa2sh7mGT0W6RUly8ojjr1Tt6nA==

buffer-xor@^1.0.3:
  version "1.0.3"
  resolved "https://registry.yarnpkg.com/buffer-xor/-/buffer-xor-1.0.3.tgz#26e61ed1422fb70dd42e6e36729ed51d855fe8d9"
  integrity sha512-571s0T7nZWK6vB67HI5dyUF7wXiNcfaPPPTl6zYCNApANjIvYJTg7hlud/+cJpdAhS7dVzqMLmfhfHR3rAcOjQ==

call-bind-apply-helpers@^1.0.0, call-bind-apply-helpers@^1.0.1, call-bind-apply-helpers@^1.0.2:
  version "1.0.2"
  resolved "https://registry.yarnpkg.com/call-bind-apply-helpers/-/call-bind-apply-helpers-1.0.2.tgz#4b5428c222be985d79c3d82657479dbe0b59b2d6"
  integrity sha512-Sp1ablJ0ivDkSzjcaJdxEunN5/XvksFJ2sMBFfq6x0ryhQV/2b/KwFe21cMpmHtPOSij8K99/wSfoEuTObmuMQ==
  dependencies:
    es-errors "^1.3.0"
    function-bind "^1.1.2"

call-bind@^1.0.8:
  version "1.0.8"
  resolved "https://registry.yarnpkg.com/call-bind/-/call-bind-1.0.8.tgz#0736a9660f537e3388826f440d5ec45f744eaa4c"
  integrity sha512-oKlSFMcMwpUg2ednkhQ454wfWiU/ul3CkJe/PEHcTKuiX6RpbehUiFMXu13HalGZxfUwCQzZG747YXBn1im9ww==
  dependencies:
    call-bind-apply-helpers "^1.0.0"
    es-define-property "^1.0.0"
    get-intrinsic "^1.2.4"
    set-function-length "^1.2.2"

call-bound@^1.0.3, call-bound@^1.0.4:
  version "1.0.4"
  resolved "https://registry.yarnpkg.com/call-bound/-/call-bound-1.0.4.tgz#238de935d2a2a692928c538c7ccfa91067fd062a"
  integrity sha512-+ys997U96po4Kx/ABpBCqhA9EuxJaQWDQg7295H4hBphv3IZg0boBKuwYpt4YXp6MZ5AmZQnU/tyMTlRpaSejg==
  dependencies:
    call-bind-apply-helpers "^1.0.2"
    get-intrinsic "^1.3.0"

cipher-base@^1.0.0, cipher-base@^1.0.1, cipher-base@^1.0.3:
  version "1.0.7"
  resolved "https://registry.yarnpkg.com/cipher-base/-/cipher-base-1.0.7.tgz#bd094bfef42634ccfd9e13b9fc73274997111e39"
  integrity sha512-Mz9QMT5fJe7bKI7MH31UilT5cEK5EHHRCccw/YRFsRY47AuNgaV6HY3rscp0/I4Q+tTW/5zoqpSeRRI54TkDWA==
  dependencies:
    inherits "^2.0.4"
    safe-buffer "^5.2.1"
    to-buffer "^1.2.2"

core-util-is@~1.0.0:
  version "1.0.3"
  resolved "https://registry.yarnpkg.com/core-util-is/-/core-util-is-1.0.3.tgz#a6042d3634c2b27e9328f837b965fac83808db85"
  integrity sha512-ZQBvi1DcpJ4GDqanjucZ2Hj3wEO5pZDS89BWbkcrvdxksJorwUDDZamX9ldFkp9aw2lmBDLgkObEA4DWNJ9FYQ==

create-hash@1.1.0:
  version "1.1.0"
  resolved "https://registry.yarnpkg.com/create-hash/-/create-hash-1.1.0.tgz#c2ab96b5d4ece5f22df2ef4306803d14da6931e7"
  integrity sha512-We+Cyev4lG5VlvuSRkNkOhSMu8l2QoMgQR8e/j/fYUQvleXXtF/9apzzLZF9plriySKWQ5cW/PUx3RSTcKMqTA==
  dependencies:
    inherits "^2.0.1"
    ripemd160 "^1.0.0"
    sha.js "^2.3.6"

create-hash@1.2.0, create-hash@^1.1.0, create-hash@^1.1.2, create-hash@^1.2.0:
  version "1.2.0"
  resolved "https://registry.yarnpkg.com/create-hash/-/create-hash-1.2.0.tgz#889078af11a63756bcfb59bd221996be3a9ef196"
  integrity sha512-z00bCGNHDG8mHAkP7CtT1qVu+bFQUPjYq/4Iv3C3kWjTFV10zIjfSoeqXo9Asws8gwSHDGj/hl2u4OGIjapeCg==
  dependencies:
    cipher-base "^1.0.1"
    inherits "^2.0.1"
    md5.js "^1.3.4"
    ripemd160 "^2.0.1"
    sha.js "^2.4.0"

create-hmac@1.1.3:
  version "1.1.3"
  resolved "https://registry.yarnpkg.com/create-hmac/-/create-hmac-1.1.3.tgz#29843e9c191ba412ab001bc55ac8b8b9ae54b670"
  integrity sha512-WAh5X07rFIM0EZ166unEOAMdrPWcg7A6alzdqIRNnMn8woJnZfKUFOBpAIzOEzrn1ouRjRv+O+gcESddnN/Xlw==
  dependencies:
    create-hash "^1.1.0"
    inherits "^2.0.1"

create-hmac@^1.1.4, create-hmac@^1.1.7:
  version "1.1.7"
  resolved "https://registry.yarnpkg.com/create-hmac/-/create-hmac-1.1.7.tgz#69170c78b3ab957147b2b8b04572e47ead2243ff"
  integrity sha512-MJG9liiZ+ogc4TzUwuvbER1JRdgvUFSB5+VR/g5h82fGaIRWMWddtKBHi7/sVhfjQZ6SehlyhvQYrcYkaUIpLg==
  dependencies:
    cipher-base "^1.0.3"
    create-hash "^1.1.0"
    inherits "^2.0.1"
    ripemd160 "^2.0.0"
    safe-buffer "^5.0.1"
    sha.js "^2.4.8"

debug@~3.1.0:
  version "3.1.0"
  resolved "https://registry.yarnpkg.com/debug/-/debug-3.1.0.tgz#5bb5a0672628b64149566ba16819e61518c67261"
  integrity sha512-OX8XqP7/1a9cqkxYw2yXss15f26NKWBpDXQd0/uK/KPqdQhxbPa994hnzjcE2VqQpDslf55723cKPUOGSmMY3g==
  dependencies:
    ms "2.0.0"

debug@~4.4.1:
  version "4.4.3"
  resolved "https://registry.yarnpkg.com/debug/-/debug-4.4.3.tgz#c6ae432d9bd9662582fce08709b038c58e9e3d6a"
  integrity sha512-RGwwWnwQvkVfavKVt22FGLw+xYSdzARwm0ru6DhTVA3umU5hZc28V3kO4stgYryrTlLpuvgI9GiijltAjNbcqA==
  dependencies:
    ms "^2.1.3"

define-data-property@^1.1.4:
  version "1.1.4"
  resolved "https://registry.yarnpkg.com/define-data-property/-/define-data-property-1.1.4.tgz#894dc141bb7d3060ae4366f6a0107e68fbe48c5e"
  integrity sha512-rBMvIzlpA8v6E+SJZoo++HAYqsLrkg7MSfIinMPFhmkorw7X+dOXVJQs+QT69zGkzMyfDnIMN2Wid1+NbL3T+A==
  dependencies:
    es-define-property "^1.0.0"
    es-errors "^1.3.0"
    gopd "^1.0.1"

drbg.js@^1.0.1:
  version "1.0.1"
  resolved "https://registry.yarnpkg.com/drbg.js/-/drbg.js-1.0.1.tgz#3e36b6c42b37043823cdbc332d58f31e2445480b"
  integrity sha512-F4wZ06PvqxYLFEZKkFxTDcns9oFNk34hvmJSEwdzsxVQ8YI5YaxtACgQatkYgv2VI2CFkUd2Y+xosPQnHv809g==
  dependencies:
    browserify-aes "^1.0.6"
    create-hash "^1.1.2"
    create-hmac "^1.1.4"

dunder-proto@^1.0.1:
  version "1.0.1"
  resolved "https://registry.yarnpkg.com/dunder-proto/-/dunder-proto-1.0.1.tgz#d7ae667e1dc83482f8b70fd0f6eefc50da30f58a"
  integrity sha512-KIN/nDJBQRcXw0MLVhZE9iQHmG68qAVIBg9CqmUYjmQIhgij9U5MFvrqkUL5FbtyyzZuOeOt0zdeRe4UY7ct+A==
  dependencies:
    call-bind-apply-helpers "^1.0.1"
    es-errors "^1.3.0"
    gopd "^1.2.0"

ecurve@1.0.0:
  version "1.0.0"
  resolved "https://registry.yarnpkg.com/ecurve/-/ecurve-1.0.0.tgz#32cfd5ce5f421e9351206a33d4e3cfd36f3465a4"
  integrity sha512-gwAh/B9hSnkq5SssZhJnXaXHcKrBK2tCh76G12+BXXjqLH4Kx1QBALz9IszvUtrxhM9+SBXx6fU0dW4WDBk2pA==
  dependencies:
    bigi "^1.1.0"

elliptic@^6.5.7:
  version "6.6.1"
  resolved "https://registry.yarnpkg.com/elliptic/-/elliptic-6.6.1.tgz#3b8ffb02670bf69e382c7f65bf524c97c5405c06"
  integrity sha512-RaddvvMatK2LJHqFJ+YA4WysVN5Ita9E35botqIYspQ4TkRAlCicdzKOjlyv/1Za5RyTNn7di//eEV0uTAfe3g==
  dependencies:
    bn.js "^4.11.9"
    brorand "^1.1.0"
    hash.js "^1.0.0"
    hmac-drbg "^1.0.1"
    inherits "^2.0.4"
    minimalistic-assert "^1.0.1"
    minimalistic-crypto-utils "^1.0.1"

engine.io-client@~6.6.1:
  version "6.6.4"
  resolved "https://registry.yarnpkg.com/engine.io-client/-/engine.io-client-6.6.4.tgz#a04998787dd342b543eec5d4452da7bb540e7ff8"
  integrity sha512-+kjUJnZGwzewFDw951CDWcwj35vMNf2fcj7xQWOctq1F2i1jkDdVvdFG9kM/BEChymCH36KgjnW0NsL58JYRxw==
  dependencies:
    "@socket.io/component-emitter" "~3.1.0"
    debug "~4.4.1"
    engine.io-parser "~5.2.1"
    ws "~8.18.3"
    xmlhttprequest-ssl "~2.1.1"

engine.io-parser@~5.2.1:
  version "5.2.3"
  resolved "https://registry.yarnpkg.com/engine.io-parser/-/engine.io-parser-5.2.3.tgz#00dc5b97b1f233a23c9398d0209504cf5f94d92f"
  integrity sha512-HqD3yTBfnBxIrbnM1DoD6Pcq8NECnh8d4As1Qgh0z5Gg3jRRIqijury0CL3ghu/edArpUYiYqQiDUQBIs4np3Q==

es-define-property@^1.0.0, es-define-property@^1.0.1:
  version "1.0.1"
  resolved "https://registry.yarnpkg.com/es-define-property/-/es-define-property-1.0.1.tgz#983eb2f9a6724e9303f61addf011c72e09e0b0fa"
  integrity sha512-e3nRfgfUZ4rNGL232gUgX06QNyyez04KdjFrF+LTRoOXmrOgFKDg4BCdsjW8EnT69eqdYGmRpJwiPVYNrCaW3g==

es-errors@^1.3.0:
  version "1.3.0"
  resolved "https://registry.yarnpkg.com/es-errors/-/es-errors-1.3.0.tgz#05f75a25dab98e4fb1dcd5e1472c0546d5057c8f"
  integrity sha512-Zf5H2Kxt2xjTvbJvP2ZWLEICxA6j+hAmMzIlypy4xcBg1vKVnx89Wy0GbS+kf5cwCVFFzdCFh2XSCFNULS6csw==

es-object-atoms@^1.0.0, es-object-atoms@^1.1.1:
  version "1.1.1"
  resolved "https://registry.yarnpkg.com/es-object-atoms/-/es-object-atoms-1.1.1.tgz#1c4f2c4837327597ce69d2ca190a7fdd172338c1"
  integrity sha512-FGgH2h8zKNim9ljj7dankFPcICIK9Cp5bm+c2gQSYePhpaG5+esrLODihIorn+Pe6FGJzWhXQotPv73jTaldXA==
  dependencies:
    es-errors "^1.3.0"

evp_bytestokey@^1.0.3:
  version "1.0.3"
  resolved "https://registry.yarnpkg.com/evp_bytestokey/-/evp_bytestokey-1.0.3.tgz#7fcbdb198dc71959432efe13842684e0525acb02"
  integrity sha512-/f2Go4TognH/KvCISP7OUsHn85hT9nUkxxA9BEWxFn+Oj9o8ZNLm/40hdlgSLyuOimsrTKLUMEorQexp/aPQeA==
  dependencies:
    md5.js "^1.3.4"
    safe-buffer "^5.1.1"

file-uri-to-path@1.0.0:
  version "1.0.0"
  resolved "https://registry.yarnpkg.com/file-uri-to-path/-/file-uri-to-path-1.0.0.tgz#553a7b8446ff6f684359c445f1e37a05dacc33dd"
  integrity sha512-0Zt+s3L7Vf1biwWZ29aARiVYLx7iMGnEUl9x33fbB/j3jR81u/O2LbqK+Bm1CDSNDKVtJ/YjwY7TUd5SkeLQLw==

for-each@^0.3.5:
  version "0.3.5"
  resolved "https://registry.yarnpkg.com/for-each/-/for-each-0.3.5.tgz#d650688027826920feeb0af747ee7b9421a41d47"
  integrity sha512-dKx12eRCVIzqCxFGplyFKJMPvLEWgmNtUrpTiJIR5u97zEhRG8ySrtboPHZXx7daLxQVrl643cTzbab2tkQjxg==
  dependencies:
    is-callable "^1.2.7"

function-bind@^1.1.2:
  version "1.1.2"
  resolved "https://registry.yarnpkg.com/function-bind/-/function-bind-1.1.2.tgz#2c02d864d97f3ea6c8830c464cbd11ab6eab7a1c"
  integrity sha512-7XHNxH7qX9xG5mIwxkhumTox/MIRNcOgDrxWsMt2pAr23WHp6MrRlN7FBSFpCpr+oVO0F744iUgR82nJMfG2SA==

get-intrinsic@^1.2.4, get-intrinsic@^1.3.0:
  version "1.3.0"
  resolved "https://registry.yarnpkg.com/get-intrinsic/-/get-intrinsic-1.3.0.tgz#743f0e3b6964a93a5491ed1bffaae054d7f98d01"
  integrity sha512-9fSjSaos/fRIVIp+xSJlE6lfwhES7LNtKaCBIamHsjr2na1BiABJPo0mOjjz8GJDURarmCPGqaiVg5mfjb98CQ==
  dependencies:
    call-bind-apply-helpers "^1.0.2"
    es-define-property "^1.0.1"
    es-errors "^1.3.0"
    es-object-atoms "^1.1.1"
    function-bind "^1.1.2"
    get-proto "^1.0.1"
    gopd "^1.2.0"
    has-symbols "^1.1.0"
    hasown "^2.0.2"
    math-intrinsics "^1.1.0"

get-proto@^1.0.1:
  version "1.0.1"
  resolved "https://registry.yarnpkg.com/get-proto/-/get-proto-1.0.1.tgz#150b3f2743869ef3e851ec0c49d15b1d14d00ee1"
  integrity sha512-sTSfBjoXBp89JvIKIefqw7U2CCebsc74kiY6awiGogKtoSGbgjYE/G/+l9sF3MWFPNc9IcoOC4ODfKHfxFmp0g==
  dependencies:
    dunder-proto "^1.0.1"
    es-object-atoms "^1.0.0"

gopd@^1.0.1, gopd@^1.2.0:
  version "1.2.0"
  resolved "https://registry.yarnpkg.com/gopd/-/gopd-1.2.0.tgz#89f56b8217bdbc8802bd299df6d7f1081d7e51a1"
  integrity sha512-ZUKRh6/kUFoAiTAtTYPZJ3hw9wNxx+BIBOijnlG9PnrJsCcSjs1wyyD6vJpaYtgnzDrKYRSqf3OO6Rfa93xsRg==

has-property-descriptors@^1.0.2:
  version "1.0.2"
  resolved "https://registry.yarnpkg.com/has-property-descriptors/-/has-property-descriptors-1.0.2.tgz#963ed7d071dc7bf5f084c5bfbe0d1b6222586854"
  integrity sha512-55JNKuIW+vq4Ke1BjOTjM2YctQIvCT7GFzHwmfZPGo5wnrgkid0YQtnAleFSqumZm4az3n2BS+erby5ipJdgrg==
  dependencies:
    es-define-property "^1.0.0"

has-symbols@^1.0.3, has-symbols@^1.1.0:
  version "1.1.0"
  resolved "https://registry.yarnpkg.com/has-symbols/-/has-symbols-1.1.0.tgz#fc9c6a783a084951d0b971fe1018de813707a338"
  integrity sha512-1cDNdwJ2Jaohmb3sg4OmKaMBwuC48sYni5HUw2DvsC8LjGTLK9h+eb1X6RyuOHe4hT0ULCW68iomhjUoKUqlPQ==

has-tostringtag@^1.0.2:
  version "1.0.2"
  resolved "https://registry.yarnpkg.com/has-tostringtag/-/has-tostringtag-1.0.2.tgz#2cdc42d40bef2e5b4eeab7c01a73c54ce7ab5abc"
  integrity sha512-NqADB8VjPFLM2V0VvHUewwwsw0ZWBaIdgo+ieHtK3hasLz4qeCRjYcqfB6AQrBggRKppKF8L52/VqdVsO47Dlw==
  dependencies:
    has-symbols "^1.0.3"

hash-base@^3.0.0, hash-base@^3.1.2:
  version "3.1.2"
  resolved "https://registry.yarnpkg.com/hash-base/-/hash-base-3.1.2.tgz#79d72def7611c3f6e3c3b5730652638001b10a74"
  integrity sha512-Bb33KbowVTIj5s7Ked1OsqHUeCpz//tPwR+E2zJgJKo9Z5XolZ9b6bdUgjmYlwnWhoOQKoTd1TYToZGn5mAYOg==
  dependencies:
    inherits "^2.0.4"
    readable-stream "^2.3.8"
    safe-buffer "^5.2.1"
    to-buffer "^1.2.1"

hash.js@^1.0.0, hash.js@^1.0.3:
  version "1.1.7"
  resolved "https://registry.yarnpkg.com/hash.js/-/hash.js-1.1.7.tgz#0babca538e8d4ee4a0f8988d68866537a003cf42"
  integrity sha512-taOaskGt4z4SOANNseOviYDvjEJinIkRgmp7LbKP2YTTmVxWBl87s/uzK9r+44BclBSp2X7K1hqeNfz9JbBeXA==
  dependencies:
    inherits "^2.0.3"
    minimalistic-assert "^1.0.1"

hasown@^2.0.2:
  version "2.0.2"
  resolved "https://registry.yarnpkg.com/hasown/-/hasown-2.0.2.tgz#003eaf91be7adc372e84ec59dc37252cedb80003"
  integrity sha512-0hJU9SCPvmMzIBdZFqNPXWa6dqh7WdH0cII9y+CyS8rG3nL48Bclra9HmKhVVUHyPWNH5Y7xDwAB7bfgSjkUMQ==
  dependencies:
    function-bind "^1.1.2"

hmac-drbg@^1.0.1:
  version "1.0.1"
  resolved "https://registry.yarnpkg.com/hmac-drbg/-/hmac-drbg-1.0.1.tgz#d2745701025a6c775a6c545793ed502fc0c649a1"
  integrity sha512-Tti3gMqLdZfhOQY1Mzf/AanLiqh1WTiJgEj26ZuYQ9fbkLomzGchCws4FyrSd4VkpBfiNhaE1On+lOz894jvXg==
  dependencies:
    hash.js "^1.0.3"
    minimalistic-assert "^1.0.0"
    minimalistic-crypto-utils "^1.0.1"

inherits@^2.0.1, inherits@^2.0.3, inherits@^2.0.4, inherits@~2.0.3:
  version "2.0.4"
  resolved "https://registry.yarnpkg.com/inherits/-/inherits-2.0.4.tgz#0fa2c64f932917c3433a0ded55363aae37416b7c"
  integrity sha512-k/vGaX4/Yla3WzyMCvTQOXYeIHvqOKtnqBduzTHpzpQZzAskKMhZ2K+EnBiSM9zGSoIFeMpXKxa4dYeZIQqewQ==

is-callable@^1.2.7:
  version "1.2.7"
  resolved "https://registry.yarnpkg.com/is-callable/-/is-callable-1.2.7.tgz#3bc2a85ea742d9e36205dcacdd72ca1fdc51b055"
  integrity sha512-1BC0BVFhS/p0qtw6enp8e+8OD0UrK0oFLztSjNzhcKA3WDuJxxAPXzPuPtKkjEY9UUoEWlX/8fgKeu2S8i9JTA==

is-typed-array@^1.1.14:
  version "1.1.15"
  resolved "https://registry.yarnpkg.com/is-typed-array/-/is-typed-array-1.1.15.tgz#4bfb4a45b61cee83a5a46fba778e4e8d59c0ce0b"
  integrity sha512-p3EcsicXjit7SaskXHs1hA91QxgTw46Fv6EFKKGS5DRFLD8yKnohjF3hxoju94b/OcMZoQukzpPpBE9uLVKzgQ==
  dependencies:
    which-typed-array "^1.1.16"

isarray@^2.0.5:
  version "2.0.5"
  resolved "https://registry.yarnpkg.com/isarray/-/isarray-2.0.5.tgz#8af1e4c1221244cc62459faf38940d4e644a5723"
  integrity sha512-xHjhDr3cNBK0BzdUJSPXZntQUx/mwMS5Rw4A7lPJ90XGAO6ISP/ePDNuo0vhqOZU+UD5JoodwCAAoZQd3FeAKw==

isarray@~1.0.0:
  version "1.0.0"
  resolved "https://registry.yarnpkg.com/isarray/-/isarray-1.0.0.tgz#bb935d48582cba168c06834957a54a3e07124f11"
  integrity sha512-VLghIWNM6ELQzo7zwmcg0NmTVyWKYjvIeM83yjp0wRDTmUnrM678fQbcKBo6n2CJEF0szoG//ytg+TKla89ALQ==

json-canonicalize@^2.0.0:
  version "2.0.0"
  resolved "https://registry.yarnpkg.com/json-canonicalize/-/json-canonicalize-2.0.0.tgz#920b1f7ad1954c9470cbb5bfd460cba5a97b33a7"
  integrity sha512-yyrnK/mEm6Na3ChbJUWueXdapueW0p380RUyTW87XGb1ww8l8hU0pRrGC3vSWHe9CxrbPHX2fGUOZpNiHR0IIg==

math-intrinsics@^1.1.0:
  version "1.1.0"
  resolved "https://registry.yarnpkg.com/math-intrinsics/-/math-intrinsics-1.1.0.tgz#a0dd74be81e2aa5c2f27e65ce283605ee4e2b7f9"
  integrity sha512-/IXtbwEk5HTPyEwyKX6hGkYXxM9nbj64B+ilVJnC/R6B0pH5G4V3b0pVbL7DBj4tkhBAppbQUlf6F6Xl9LHu1g==

md5.js@^1.3.4:
  version "1.3.5"
  resolved "https://registry.yarnpkg.com/md5.js/-/md5.js-1.3.5.tgz#b5d07b8e3216e3e27cd728d72f70d1e6a342005f"
  integrity sha512-xitP+WxNPcTTOgnTJcrhM0xvdPepipPSf3I8EIpGKeFLjt3PlJLIDG3u8EX53ZIubkb+5U2+3rELYpEhHhzdkg==
  dependencies:
    hash-base "^3.0.0"
    inherits "^2.0.1"
    safe-buffer "^5.1.2"

merkle-lib@2.0.10:
  version "2.0.10"
  resolved "https://registry.yarnpkg.com/merkle-lib/-/merkle-lib-2.0.10.tgz#82b8dbae75e27a7785388b73f9d7725d0f6f3326"
  integrity sha512-XrNQvUbn1DL5hKNe46Ccs+Tu3/PYOlrcZILuGUhb95oKBPjc/nmIC8D462PQkipVDGKRvwhn+QFg2cCdIvmDJA==

minimalistic-assert@^1.0.0, minimalistic-assert@^1.0.1:
  version "1.0.1"
  resolved "https://registry.yarnpkg.com/minimalistic-assert/-/minimalistic-assert-1.0.1.tgz#2e194de044626d4a10e7f7fbc00ce73e83e4d5c7"
  integrity sha512-UtJcAD4yEaGtjPezWuO9wC4nwUnVH/8/Im3yEHQP4b67cXlD/Qr9hdITCU1xDbSEXg2XKNaP8jsReV7vQd00/A==

minimalistic-crypto-utils@^1.0.1:
  version "1.0.1"
  resolved "https://registry.yarnpkg.com/minimalistic-crypto-utils/-/minimalistic-crypto-utils-1.0.1.tgz#f6c00c1c0b082246e5c4d99dfb8c7c083b2b582a"
  integrity sha512-JIYlbt6g8i5jKfJ3xz7rF0LXmv2TkDxBLUkiBeZ7bAx4GnnNMr8xFpGnOxn6GhTEHx3SjRrZEoU+j04prX1ktg==

ms@2.0.0:
  version "2.0.0"
  resolved "https://registry.yarnpkg.com/ms/-/ms-2.0.0.tgz#5608aeadfc00be6c2901df5f9861788de0d597c8"
  integrity sha512-Tpp60P6IUJDTuOq/5Z8cdskzJujfwqfOTkrwIwj7IRISpnkJnT6SyJ4PCPnGMoFjC9ddhal5KVIYtAt97ix05A==

ms@^2.1.3:
  version "2.1.3"
  resolved "https://registry.yarnpkg.com/ms/-/ms-2.1.3.tgz#574c8138ce1d2b5861f0b44579dbadd60c6615b2"
  integrity sha512-6FlzubTLZG3J2a/NVCAleEhjzq5oxgHyaCU9yYXvcLsvoVaHJq/s5xXI6/XXP6tz7R9xAOtHnSO/tXtF3WRTlA==

nan@^2.14.0:
  version "2.25.0"
  resolved "https://registry.yarnpkg.com/nan/-/nan-2.25.0.tgz#937ed345e63d9481362a7942d49c4860d27eeabd"
  integrity sha512-0M90Ag7Xn5KMLLZ7zliPWP3rT90P6PN+IzVFS0VqmnPktBk3700xUVv8Ikm9EUaUE5SDWdp/BIxdENzVznpm1g==

nanoassert@^1.0.0:
  version "1.1.0"
  resolved "https://registry.yarnpkg.com/nanoassert/-/nanoassert-1.1.0.tgz#4f3152e09540fde28c76f44b19bbcd1d5a42478d"
  integrity sha512-C40jQ3NzfkP53NsO8kEOFd79p4b9kDXQMwgiY1z8ZwrDZgUyom0AHwGegF4Dm99L+YoYhuaB0ceerUcXmqr1rQ==

nanoassert@^2.0.0:
  version "2.0.0"
  resolved "https://registry.yarnpkg.com/nanoassert/-/nanoassert-2.0.0.tgz#a05f86de6c7a51618038a620f88878ed1e490c09"
  integrity sha512-7vO7n28+aYO4J+8w96AzhmU8G+Y/xpPDJz/se19ICsqj/momRbb9mh9ZUtkoJ5X3nTnPdhEJyc0qnM6yAsHBaA==

possible-typed-array-names@^1.0.0:
  version "1.1.0"
  resolved "https://registry.yarnpkg.com/possible-typed-array-names/-/possible-typed-array-names-1.1.0.tgz#93e3582bc0e5426586d9d07b79ee40fc841de4ae"
  integrity sha512-/+5VFTchJDoVj3bhoqi6UeymcD00DAwb1nJwamzPvHEszJ4FpF6SNNbUbOS8yI56qHzdV8eK0qEfOSiodkTdxg==

process-nextick-args@~2.0.0:
  version "2.0.1"
  resolved "https://registry.yarnpkg.com/process-nextick-args/-/process-nextick-args-2.0.1.tgz#7820d9b16120cc55ca9ae7792680ae7dba6d7fe2"
  integrity sha512-3ouUOpQhtgrbOa17J7+uxOTpITYWaGP7/AhoR3+A+/1e9skrzelGi/dXzEYyvbxubEF6Wn2ypscTKiKJFFn1ag==

pushdata-bitcoin@1.0.1:
  version "1.0.1"
  resolved "https://registry.yarnpkg.com/pushdata-bitcoin/-/pushdata-bitcoin-1.0.1.tgz#15931d3cd967ade52206f523aa7331aef7d43af7"
  integrity sha512-hw7rcYTJRAl4olM8Owe8x0fBuJJ+WGbMhQuLWOXEMN3PxPCKQHRkhfL+XG0+iXUmSHjkMmb3Ba55Mt21cZc9kQ==
  dependencies:
    bitcoin-ops "^1.3.0"

randombytes@2.0.1:
  version "2.0.1"
  resolved "https://registry.yarnpkg.com/randombytes/-/randombytes-2.0.1.tgz#18f4a9ba0dd07bdb1580bc9156091fcf90eabc6f"
  integrity sha512-siCt2duOdZbmvgk8IDL4U0SYXI8ypBEKWuor0qUpHBWAyOCrXQvSIYJ+VKuEpoX36moZ1pAu+mXkwUVAVssu6w==

readable-stream@^2.3.8:
  version "2.3.8"
  resolved "https://registry.yarnpkg.com/readable-stream/-/readable-stream-2.3.8.tgz#91125e8042bba1b9887f49345f6277027ce8be9b"
  integrity sha512-8p0AUk4XODgIewSi0l8Epjs+EVnWiK7NoDIEGU0HhE7+ZyY8D1IMY7odu5lRrFXGg71L15KG8QrPmum45RTtdA==
  dependencies:
    core-util-is "~1.0.0"
    inherits "~2.0.3"
    isarray "~1.0.0"
    process-nextick-args "~2.0.0"
    safe-buffer "~5.1.1"
    string_decoder "~1.1.1"
    util-deprecate "~1.0.1"

ripemd160@^1.0.0:
  version "1.0.1"
  resolved "https://registry.yarnpkg.com/ripemd160/-/ripemd160-1.0.1.tgz#93a4bbd4942bc574b69a8fa57c71de10ecca7d6e"
  integrity sha512-J0YlH2ow/i7d5PJX9RC1XnjmZc7cNNYWe89PIlFszvHeiEtxzA1/VYePkjQ7l1SkUejAcHeDo3IVp2WIzstXXQ==

ripemd160@^2.0.0, ripemd160@^2.0.1, ripemd160@^2.0.2:
  version "2.0.3"
  resolved "https://registry.yarnpkg.com/ripemd160/-/ripemd160-2.0.3.tgz#9be54e4ba5e3559c8eee06a25cd7648bbccdf5a8"
  integrity sha512-5Di9UC0+8h1L6ZD2d7awM7E/T4uA1fJRlx6zk/NvdCCVEoAnFqvHmCuNeIKoCeIixBX/q8uM+6ycDvF8woqosA==
  dependencies:
    hash-base "^3.1.2"
    inherits "^2.0.4"

safe-buffer@5.0.1:
  version "5.0.1"
  resolved "https://registry.yarnpkg.com/safe-buffer/-/safe-buffer-5.0.1.tgz#d263ca54696cd8a306b5ca6551e92de57918fbe7"
  integrity sha512-cr7dZWLwOeaFBLTIuZeYdkfO7UzGIKhjYENJFAxUOMKWGaWDm2nJM2rzxNRm5Owu0DH3ApwNo6kx5idXZfb/Iw==

safe-buffer@^5.0.1, safe-buffer@^5.1.1, safe-buffer@^5.1.2, safe-buffer@^5.2.1:
  version "5.2.1"
  resolved "https://registry.yarnpkg.com/safe-buffer/-/safe-buffer-5.2.1.tgz#1eaf9fa9bdb1fdd4ec75f58f9cdb4e6b7827eec6"
  integrity sha512-rp3So07KcdmmKbGvgaNxQSJr7bGVSVk5S9Eq1F+ppbRo70+YeaDxkw5Dd8NPN+GD6bjnYm2VuPuCXmpuYvmCXQ==

safe-buffer@~5.1.0, safe-buffer@~5.1.1:
  version "5.1.2"
  resolved "https://registry.yarnpkg.com/safe-buffer/-/safe-buffer-5.1.2.tgz#991ec69d296e0313747d59bdfd2b745c35f8828d"
  integrity sha512-Gd2UZBJDkXlY7GbJxfsE8/nvKkUEU1G38c1siN6QP6a9PT9MmHB8GnpscSmMJSoF8LOIrt8ud/wPtojys4G6+g==

secp256k1@^3.0.1:
  version "3.8.1"
  resolved "https://registry.yarnpkg.com/secp256k1/-/secp256k1-3.8.1.tgz#b62a62a882d6b16f9b51fe599c6b3a861e36c59f"
  integrity sha512-tArjQw2P0RTdY7QmkNehgp6TVvQXq6ulIhxv8gaH6YubKG/wxxAoNKcbuXjDhybbc+b2Ihc7e0xxiGN744UIiQ==
  dependencies:
    bindings "^1.5.0"
    bip66 "^1.1.5"
    bn.js "^4.11.8"
    create-hash "^1.2.0"
    drbg.js "^1.0.1"
    elliptic "^6.5.7"
    nan "^2.14.0"
    safe-buffer "^5.1.2"

set-function-length@^1.2.2:
  version "1.2.2"
  resolved "https://registry.yarnpkg.com/set-function-length/-/set-function-length-1.2.2.tgz#aac72314198eaed975cf77b2c3b6b880695e5449"
  integrity sha512-pgRc4hJ4/sNjWCSS9AmnS40x3bNMDTknHgL5UaMBTMyJnU90EgWh1Rz+MC9eFu4BuN/UwZjKQuY/1v3rM7HMfg==
  dependencies:
    define-data-property "^1.1.4"
    es-errors "^1.3.0"
    function-bind "^1.1.2"
    get-intrinsic "^1.2.4"
    gopd "^1.0.1"
    has-property-descriptors "^1.0.2"

sha.js@^2.3.6, sha.js@^2.4.0, sha.js@^2.4.8:
  version "2.4.12"
  resolved "https://registry.yarnpkg.com/sha.js/-/sha.js-2.4.12.tgz#eb8b568bf383dfd1867a32c3f2b74eb52bdbf23f"
  integrity sha512-8LzC5+bvI45BjpfXU8V5fdU2mfeKiQe1D1gIMn7XUlF3OTUrpdJpPPH4EMAnF0DsHHdSZqCdSss5qCmJKuiO3w==
  dependencies:
    inherits "^2.0.4"
    safe-buffer "^5.2.1"
    to-buffer "^1.2.0"

socket.io-client@^4.8.3:
  version "4.8.3"
  resolved "https://registry.yarnpkg.com/socket.io-client/-/socket.io-client-4.8.3.tgz#62717edd46a318c918125b57e92dc7f8bb71c34c"
  integrity sha512-uP0bpjWrjQmUt5DTHq9RuoCBdFJF10cdX9X+a368j/Ft0wmaVgxlrjvK3kjvgCODOMMOz9lcaRzxmso0bTWZ/g==
  dependencies:
    "@socket.io/component-emitter" "~3.1.0"
    debug "~4.4.1"
    engine.io-client "~6.6.1"
    socket.io-parser "~4.2.4"

socket.io-parser@~4.2.4:
  version "4.2.5"
  resolved "https://registry.yarnpkg.com/socket.io-parser/-/socket.io-parser-4.2.5.tgz#3f41b8d369129a93268f2abecba94b5292850099"
  integrity sha512-bPMmpy/5WWKHea5Y/jYAP6k74A+hvmRCQaJuJB6I/ML5JZq/KfNieUVo/3Mh7SAqn7TyFdIo6wqYHInG1MU1bQ==
  dependencies:
    "@socket.io/component-emitter" "~3.1.0"
    debug "~4.4.1"

string_decoder@~1.1.1:
  version "1.1.1"
  resolved "https://registry.yarnpkg.com/string_decoder/-/string_decoder-1.1.1.tgz#9cf1611ba62685d7030ae9e4ba34149c3af03fc8"
  integrity sha512-n/ShnvDi6FHbbVfviro+WojiFzv+s8MPMHBczVePfUpDJLwoLT0ht1l4YwBCbi8pJAveEEdnkHyPyTP/mzRfwg==
  dependencies:
    safe-buffer "~5.1.0"

to-buffer@^1.2.0, to-buffer@^1.2.1, to-buffer@^1.2.2:
  version "1.2.2"
  resolved "https://registry.yarnpkg.com/to-buffer/-/to-buffer-1.2.2.tgz#ffe59ef7522ada0a2d1cb5dfe03bb8abc3cdc133"
  integrity sha512-db0E3UJjcFhpDhAF4tLo03oli3pwl3dbnzXOUIlRKrp+ldk/VUxzpWYZENsw2SZiuBjHAk7DfB0VU7NKdpb6sw==
  dependencies:
    isarray "^2.0.5"
    safe-buffer "^5.2.1"
    typed-array-buffer "^1.0.3"

typed-array-buffer@^1.0.3:
  version "1.0.3"
  resolved "https://registry.yarnpkg.com/typed-array-buffer/-/typed-array-buffer-1.0.3.tgz#a72395450a4869ec033fd549371b47af3a2ee536"
  integrity sha512-nAYYwfY3qnzX30IkA6AQZjVbtK6duGontcQm1WSG1MD94YLqK0515GNApXkoxKOWMusVssAHWLh9SeaoefYFGw==
  dependencies:
    call-bound "^1.0.3"
    es-errors "^1.3.0"
    is-typed-array "^1.1.14"

typeforce@1.11.3:
  version "1.11.3"
  resolved "https://registry.yarnpkg.com/typeforce/-/typeforce-1.11.3.tgz#a54d0ff58808788fba358020982270bd6995d8e4"
  integrity sha512-+vllWbxe1AKLkO3KNyZPjb51NRHwRE/8bAi/cmF6TK24VqrPiQPRiHrFV19j1xHxxCHQbIvN4Zfco+skuiXSWQ==
  dependencies:
    inherits "^2.0.1"

typeforce@^1.11.5:
  version "1.18.0"
  resolved "https://registry.yarnpkg.com/typeforce/-/typeforce-1.18.0.tgz#d7416a2c5845e085034d70fcc5b6cc4a90edbfdc"
  integrity sha512-7uc1O8h1M1g0rArakJdf0uLRSSgFcYexrVoKo+bzJd32gd4gDy2L/Z+8/FjPnU9ydY3pEnVPtr9FyscYY60K1g==

typescript@^5.7.0:
  version "5.9.3"
  resolved "https://registry.yarnpkg.com/typescript/-/typescript-5.9.3.tgz#5b4f59e15310ab17a216f5d6cf53ee476ede670f"
  integrity sha512-jl1vZzPDinLr9eUt3J/t7V6FgNEw9QjvBPdysz9KfQDD41fQrC2Y4vKQdiaUpFT4bXlb1RHhLpp8wtm6M5TgSw==

undici-types@~6.21.0:
  version "6.21.0"
  resolved "https://registry.yarnpkg.com/undici-types/-/undici-types-6.21.0.tgz#691d00af3909be93a7faa13be61b3a5b50ef12cb"
  integrity sha512-iwDZqg0QAGrg9Rav5H4n0M64c3mkR59cJ6wQp+7C4nI0gsmExaedaYLNO44eT4AtBBwjbTiGPMlt2Md0T9H9JQ==

util-deprecate@~1.0.1:
  version "1.0.2"
  resolved "https://registry.yarnpkg.com/util-deprecate/-/util-deprecate-1.0.2.tgz#450d4dc9fa70de732762fbd2d4a28981419a0ccf"
  integrity sha512-EPD5q1uXyFxJpCrLnCc1nHnq3gOa6DZBocAIiI2TaSCA7VCJ1UJDMagCzIkXNsUYfD1daK//LTEQ8xiIbrHtcw==

varuint-bitcoin@1.0.4:
  version "1.0.4"
  resolved "https://registry.yarnpkg.com/varuint-bitcoin/-/varuint-bitcoin-1.0.4.tgz#d812c5dae16e32f60544b6adee1d4be1307d0283"
  integrity sha512-2nW4pVicYWxOMY1u+3T3eFXw24wbFlKz+ug7hd02rozYmeFVBoC6LB7/P4E46jN9aD1ezhX01g2Uh4zrZ+9RWw==

varuint-bitcoin@^1.0.1:
  version "1.1.2"
  resolved "https://registry.yarnpkg.com/varuint-bitcoin/-/varuint-bitcoin-1.1.2.tgz#e76c138249d06138b480d4c5b40ef53693e24e92"
  integrity sha512-4EVb+w4rx+YfVM32HQX42AbbT7/1f5zwAYhIujKXKk8NQK+JfRVl3pqT3hjNn/L+RstigmGGKVwHA/P0wgITZw==
  dependencies:
    safe-buffer "^5.1.1"

"verus-typescript-primitives@git+https://github.com/VerusCoin/verus-typescript-primitives.git":
  version "1.0.0"
  resolved "git+https://github.com/VerusCoin/verus-typescript-primitives.git#f9633091ba7fc03c4fbe2657d901a81cac2d45e1"
  dependencies:
    base64url "3.0.1"
    bech32 "2.0.0"
    blake2b "https://github.com/VerusCoin/blake2b"
    bn.js "5.2.3"
    bs58check "2.0.0"
    create-hash "1.2.0"

which-typed-array@^1.1.16:
  version "1.1.20"
  resolved "https://registry.yarnpkg.com/which-typed-array/-/which-typed-array-1.1.20.tgz#3fdb7adfafe0ea69157b1509f3a1cd892bd1d122"
  integrity sha512-LYfpUkmqwl0h9A2HL09Mms427Q1RZWuOHsukfVcKRq9q95iQxdw0ix1JQrqbcDR9PH1QDwf5Qo8OZb5lksZ8Xg==
  dependencies:
    available-typed-arrays "^1.0.7"
    call-bind "^1.0.8"
    call-bound "^1.0.4"
    for-each "^0.3.5"
    get-proto "^1.0.1"
    gopd "^1.2.0"
    has-tostringtag "^1.0.2"

wif@2.0.1:
  version "2.0.1"
  resolved "https://registry.yarnpkg.com/wif/-/wif-2.0.1.tgz#27149a62757e4db694729378e7aeca7b09648012"
  integrity sha512-Ba/Ypzo2Vg512kPn+Rt8R1ss019J/8n5E+lVyHJDc8EwTZ8fNLmhkTe7GitxghAiENWuunOa4qnwl7KIj39zfw==
  dependencies:
    bs58check "^1.0.6"

wif@^2.0.6:
  version "2.0.6"
  resolved "https://registry.yarnpkg.com/wif/-/wif-2.0.6.tgz#08d3f52056c66679299726fade0d432ae74b4704"
  integrity sha512-HIanZn1zmduSF+BQhkE+YXIbEiH0xPr1012QbFEGB0xsKqJii0/SqJjyn8dFv6y36kOznMgMB+LGcbZTJ1xACQ==
  dependencies:
    bs58check "<3.0.0"

ws@~8.18.3:
  version "8.18.3"
  resolved "https://registry.yarnpkg.com/ws/-/ws-8.18.3.tgz#b56b88abffde62791c639170400c93dcb0c95472"
  integrity sha512-PEIGCY5tSlUt50cqyMXfCzX+oOPqN0vuGqWzbcJ2xvnkzkq46oOpz7dQaTDBdfICb4N14+GARUDw2XV2N4tvzg==

xmlhttprequest-ssl@~2.1.1:
  version "2.1.2"
  resolved "https://registry.yarnpkg.com/xmlhttprequest-ssl/-/xmlhttprequest-ssl-2.1.2.tgz#e9e8023b3f29ef34b97a859f584c5e6c61418e23"
  integrity sha512-TEU+nJVUUnA4CYJFLvK5X9AOeH4KvDvhIfm0vV1GaQRtchnG0hgK5p8hw/xjv8cunWYCsiPCSDzObPyhEwq3KQ==
